<?xml version="1.0" encoding="utf-8"?>
<Project ToolsVersion="4.0" xmlns="http://schemas.microsoft.com/developer/msbuild/2003">
  <ItemGroup>
    <Filter Include="Arquivos de Origem">
      <UniqueIdentifier>{4FC737F1-C7A5-4376-A066-2A32D752A2FF}</UniqueIdentifier>
      <Extensions>cpp;c;cc;cxx;c++;cppm;ixx;def;odl;idl;hpj;bat;asm;asmx</Extensions>
    </Filter>
    <Filter Include="Arquivos de Cabeçalho">
      <UniqueIdentifier>{93995380-89BD-4b04-88EB-625FBE52EBFB}</UniqueIdentifier>
      <Extensions>h;hh;hpp;hxx;h++;hm;inl;inc;ipp;xsd</Extensions>
    </Filter>
    <Filter Include="Arquivos de Recurso">
      <UniqueIdentifier>{67DA6AB6-F800-4c08-8B7A-83BB121AAD01}</UniqueIdentifier>
      <Extensions>rc;ico;cur;bmp;dlg;rc2;rct;bin;rgs;gif;jpg;jpeg;jpe;resx;tiff;tif;png;wav;mfcribbon-ms</Extensions>
    </Filter>
    <Filter Include="Arquivos de Cabeçalho\core">
      <UniqueIdentifier>{0178146d-715c-4b2d-877c-8b9755fb6392}</UniqueIdentifier>
    </Filter>
    <Filter Include="Arquivos de Cabeçalho\config">
      <UniqueIdentifier>{59d24dce-4592-42f4-a15d-b682d2cc8523}</UniqueIdentifier>
    </Filter>
    <Filter Include="Arquivos de Cabeçalho\graphic">
      <UniqueIdentifier>{39a9a2f3-a3d6-446e-8f26-2bd02b486909}</UniqueIdentifier>
    </Filter>
    <Filter Include="Arquivos de Cabeçalho\gameplay">
      <UniqueIdentifier>{a61158f7-7149-41f9-9597-77c1fce9da9c}</UniqueIdentifier>
    </Filter>
    <Filter Include="Arquivos de Cabeçalho\objects">
      <UniqueIdentifier>{34cde84d-e611-46bb-b35e-2c0b1ca2296e}</UniqueIdentifier>
    </Filter>
    <Filter Include="Arquivos de Cabeçalho\utils">
      <UniqueIdentifier>{116c81be-2cc5-4f04-b77e-24a58bfb226c}</UniqueIdentifier>
    </Filter>
  </ItemGroup>
  <ItemGroup>
    <ClCompile Include="game.cpp">
      <Filter>Arquivos de Origem</Filter>
    </ClCompile>
  </ItemGroup>
  <ItemGroup>
    <ClInclude Include="core\core.hpp">
      <Filter>Arquivos de Cabeçalho\core</Filter>
    </ClInclude>
    <ClInclude Include="config\config.hpp">
      <Filter>Arquivos de Cabeçalho\config</Filter>
    </ClInclude>
    <ClInclude Include="core\graphic\window.hpp">
      <Filter>Arquivos de Cabeçalho\graphic</Filter>
    </ClInclude>
    <ClInclude Include="core\gameplay\events.hpp">
      <Filter>Arquivos de Cabeçalho\gameplay</Filter>
    </ClInclude>
    <ClInclude Include="core\gameplay\keyboard.hpp">
      <Filter>Arquivos de Cabeçalho\gameplay</Filter>
    </ClInclude>
    <ClInclude Include="core\gameplay\objects\car.hpp">
      <Filter>Arquivos de Cabeçalho\objects</Filter>
    </ClInclude>
    <ClInclude Include="core\gameplay\utils\objectLoader.hpp">
      <Filter>Arquivos de Cabeçalho\utils</Filter>
    </ClInclude>
    <ClInclude Include="core\gameplay\lighting.hpp">
      <Filter>Arquivos de Cabeçalho\gameplay</Filter>
    </ClInclude>
    <ClInclude Include="core\gameplay\material.hpp">
      <Filter>Arquivos de Cabeçalho\gameplay</Filter>
    </ClInclude>
    <ClInclude Include="core\gameplay\texture.hpp">
      <Filter>Arquivos de Cabeçalho\gameplay</Filter>
    </ClInclude>
    <ClInclude Include="core\gameplay\mouse.hpp">
      <Filter>Arquivos de Cabeçalho\gameplay</Filter>
    </ClInclude>
    <ClInclude Include="core\gameplay\objects\player.hpp">
      <Filter>Arquivos de Cabeçalho\objects</Filter>
    </ClInclude>
    <ClInclude Include="core\gameplay\map.hpp">
      <Filter>Arquivos de Cabeçalho\gameplay</Filter>
    </ClInclude>
  </ItemGroup>
</Project>